
Microsoft Visual Studio Solution File, Format Version 12.00
# Visual Studio Version 17
VisualStudioVersion = 17.5.33530.505
MinimumVisualStudioVersion = 10.0.40219.1
Project("{FAE04EC0-301F-11D3-BF4B-00C04F79EFBC}") = "Hotel.Web", "Hotel.Web\Hotel.Web.csproj", "{4BB58863-1F20-4924-A584-EC0B37798A69}"
EndProject
Project("{FAE04EC0-301F-11D3-BF4B-00C04F79EFBC}") = "Hotel.Domain", "Hotel.Domain\Hotel.Domain.csproj", "{CBBCA506-35A9-43FB-9237-CD42A3A470F3}"
EndProject
Project("{FAE04EC0-301F-11D3-BF4B-00C04F79EFBC}") = "Hotel.Application", "Hotel.Application\Hotel.Application.csproj", "{0498BCF1-E02B-4F1B-9226-F0CE0098EE49}"
EndProject
Project("{FAE04EC0-301F-11D3-BF4B-00C04F79EFBC}") = "Hotel.Infrastructure", "Hotel.Infrastructure\Hotel.Infrastructure.csproj", "{92103EBF-15C6-452F-BED4-68545EF84154}"
EndProject
Global
	GlobalSection(SolutionConfigurationPlatforms) = preSolution
		Debug|Any CPU = Debug|Any CPU
		Release|Any CPU = Release|Any CPU
	EndGlobalSection
	GlobalSection(ProjectConfigurationPlatforms) = postSolution
		{4BB58863-1F20-4924-A584-EC0B37798A69}.Debug|Any CPU.ActiveCfg = Debug|Any CPU
		{4BB58863-1F20-4924-A584-EC0B37798A69}.Debug|Any CPU.Build.0 = Debug|Any CPU
		{4BB58863-1F20-4924-A584-EC0B37798A69}.Release|Any CPU.ActiveCfg = Release|Any CPU
		{4BB58863-1F20-4924-A584-EC0B37798A69}.Release|Any CPU.Build.0 = Release|Any CPU
		{CBBCA506-35A9-43FB-9237-CD42A3A470F3}.Debug|Any CPU.ActiveCfg = Debug|Any CPU
		{CBBCA506-35A9-43FB-9237-CD42A3A470F3}.Debug|Any CPU.Build.0 = Debug|Any CPU
		{CBBCA506-35A9-43FB-9237-CD42A3A470F3}.Release|Any CPU.ActiveCfg = Release|Any CPU
		{CBBCA506-35A9-43FB-9237-CD42A3A470F3}.Release|Any CPU.Build.0 = Release|Any CPU
		{0498BCF1-E02B-4F1B-9226-F0CE0098EE49}.Debug|Any CPU.ActiveCfg = Debug|Any CPU
		{0498BCF1-E02B-4F1B-9226-F0CE0098EE49}.Debug|Any CPU.Build.0 = Debug|Any CPU
		{0498BCF1-E02B-4F1B-9226-F0CE0098EE49}.Release|Any CPU.ActiveCfg = Release|Any CPU
		{0498BCF1-E02B-4F1B-9226-F0CE0098EE49}.Release|Any CPU.Build.0 = Release|Any CPU
		{92103EBF-15C6-452F-BED4-68545EF84154}.Debug|Any CPU.ActiveCfg = Debug|Any CPU
		{92103EBF-15C6-452F-BED4-68545EF84154}.Debug|Any CPU.Build.0 = Debug|Any CPU
		{92103EBF-15C6-452F-BED4-68545EF84154}.Release|Any CPU.ActiveCfg = Release|Any CPU
		{92103EBF-15C6-452F-BED4-68545EF84154}.Release|Any CPU.Build.0 = Release|Any CPU
	EndGlobalSection
	GlobalSection(SolutionProperties) = preSolution
		HideSolutionNode = FALSE
	EndGlobalSection
	GlobalSection(ExtensibilityGlobals) = postSolution
		SolutionGuid = {E95EEE97-48AD-4815-9652-4A7CE9BD60E7}
	EndGlobalSection
EndGlobal
