
Microsoft Visual Studio Solution File, Format Version 12.00
# Visual Studio Version 17
VisualStudioVersion = 17.5.33530.505
MinimumVisualStudioVersion = 10.0.40219.1
Project("{FAE04EC0-301F-11D3-BF4B-00C04F79EFBC}") = "Hotel.Web", "Hotel.Web\Hotel.Web.csproj", "{4BB58863-1F20-4924-A584-EC0B37798A69}"
EndProject
Global
	GlobalSection(SolutionConfigurationPlatforms) = preSolution
		Debug|Any CPU = Debug|Any CPU
		Release|Any CPU = Release|Any CPU
	EndGlobalSection
	GlobalSection(ProjectConfigurationPlatforms) = postSolution
		{4BB58863-1F20-4924-A584-EC0B37798A69}.Debug|Any CPU.ActiveCfg = Debug|Any CPU
		{4BB58863-1F20-4924-A584-EC0B37798A69}.Debug|Any CPU.Build.0 = Debug|Any CPU
		{4BB58863-1F20-4924-A584-EC0B37798A69}.Release|Any CPU.ActiveCfg = Release|Any CPU
		{4BB58863-1F20-4924-A584-EC0B37798A69}.Release|Any CPU.Build.0 = Release|Any CPU
	EndGlobalSection
	GlobalSection(SolutionProperties) = preSolution
		HideSolutionNode = FALSE
	EndGlobalSection
	GlobalSection(ExtensibilityGlobals) = postSolution
		SolutionGuid = {E95EEE97-48AD-4815-9652-4A7CE9BD60E7}
	EndGlobalSection
EndGlobal
